// !$*UTF8*$!
{
	archiveVersion = 1;
	classes = {
	};
	objectVersion = 46;
	objects = {

/* Begin PBXBuildFile section */
		B2821C07199D9CB000E964C3 /* Foundation.framework in Frameworks */ = {isa = PBXBuildFile; fileRef = B2821C06199D9CB000E964C3 /* Foundation.framework */; };
		B2821C09199D9CB000E964C3 /* CoreGraphics.framework in Frameworks */ = {isa = PBXBuildFile; fileRef = B2821C08199D9CB000E964C3 /* CoreGraphics.framework */; };
		B2821C0B199D9CB000E964C3 /* UIKit.framework in Frameworks */ = {isa = PBXBuildFile; fileRef = B2821C0A199D9CB000E964C3 /* UIKit.framework */; };
		B2821C0D199D9CB000E964C3 /* CoreData.framework in Frameworks */ = {isa = PBXBuildFile; fileRef = B2821C0C199D9CB000E964C3 /* CoreData.framework */; };
		B2821C13199D9CB000E964C3 /* InfoPlist.strings in Resources */ = {isa = PBXBuildFile; fileRef = B2821C11199D9CB000E964C3 /* InfoPlist.strings */; };
		B2821C15199D9CB000E964C3 /* main.m in Sources */ = {isa = PBXBuildFile; fileRef = B2821C14199D9CB000E964C3 /* main.m */; };
		B2821C19199D9CB000E964C3 /* PMAppDelegate.m in Sources */ = {isa = PBXBuildFile; fileRef = B2821C18199D9CB000E964C3 /* PMAppDelegate.m */; };
		B2821C1C199D9CB000E964C3 /* RSS_Reader.xcdatamodeld in Sources */ = {isa = PBXBuildFile; fileRef = B2821C1A199D9CB000E964C3 /* RSS_Reader.xcdatamodeld */; };
		B2821C1E199D9CB000E964C3 /* Images.xcassets in Resources */ = {isa = PBXBuildFile; fileRef = B2821C1D199D9CB000E964C3 /* Images.xcassets */; };
		B2821C25199D9CB000E964C3 /* XCTest.framework in Frameworks */ = {isa = PBXBuildFile; fileRef = B2821C24199D9CB000E964C3 /* XCTest.framework */; };
		B2821C26199D9CB000E964C3 /* Foundation.framework in Frameworks */ = {isa = PBXBuildFile; fileRef = B2821C06199D9CB000E964C3 /* Foundation.framework */; };
		B2821C27199D9CB000E964C3 /* UIKit.framework in Frameworks */ = {isa = PBXBuildFile; fileRef = B2821C0A199D9CB000E964C3 /* UIKit.framework */; };
		B2821C28199D9CB000E964C3 /* CoreData.framework in Frameworks */ = {isa = PBXBuildFile; fileRef = B2821C0C199D9CB000E964C3 /* CoreData.framework */; };
		B2821C30199D9CB000E964C3 /* InfoPlist.strings in Resources */ = {isa = PBXBuildFile; fileRef = B2821C2E199D9CB000E964C3 /* InfoPlist.strings */; };
		B2821C32199D9CB000E964C3 /* RSS_ReaderTests.m in Sources */ = {isa = PBXBuildFile; fileRef = B2821C31199D9CB000E964C3 /* RSS_ReaderTests.m */; };
/* End PBXBuildFile section */

/* Begin PBXContainerItemProxy section */
		B2821C29199D9CB000E964C3 /* PBXContainerItemProxy */ = {
			isa = PBXContainerItemProxy;
			containerPortal = B2821BFB199D9CB000E964C3 /* Project object */;
			proxyType = 1;
			remoteGlobalIDString = B2821C02199D9CB000E964C3;
			remoteInfo = RSS_Reader;
		};
/* End PBXContainerItemProxy section */

/* Begin PBXFileReference section */
		B2821C03199D9CB000E964C3 /* RSS_Reader.app */ = {isa = PBXFileReference; explicitFileType = wrapper.application; includeInIndex = 0; path = RSS_Reader.app; sourceTree = BUILT_PRODUCTS_DIR; };
		B2821C06199D9CB000E964C3 /* Foundation.framework */ = {isa = PBXFileReference; lastKnownFileType = wrapper.framework; name = Foundation.framework; path = System/Library/Frameworks/Foundation.framework; sourceTree = SDKROOT; };
		B2821C08199D9CB000E964C3 /* CoreGraphics.framework */ = {isa = PBXFileReference; lastKnownFileType = wrapper.framework; name = CoreGraphics.framework; path = System/Library/Frameworks/CoreGraphics.framework; sourceTree = SDKROOT; };
		B2821C0A199D9CB000E964C3 /* UIKit.framework */ = {isa = PBXFileReference; lastKnownFileType = wrapper.framework; name = UIKit.framework; path = System/Library/Frameworks/UIKit.framework; sourceTree = SDKROOT; };
		B2821C0C199D9CB000E964C3 /* CoreData.framework */ = {isa = PBXFileReference; lastKnownFileType = wrapper.framework; name = CoreData.framework; path = System/Library/Frameworks/CoreData.framework; sourceTree = SDKROOT; };
		B2821C10199D9CB000E964C3 /* RSS_Reader-Info.plist */ = {isa = PBXFileReference; lastKnownFileType = text.plist.xml; path = "RSS_Reader-Info.plist"; sourceTree = "<group>"; };
		B2821C12199D9CB000E964C3 /* en */ = {isa = PBXFileReference; lastKnownFileType = text.plist.strings; name = en; path = en.lproj/InfoPlist.strings; sourceTree = "<group>"; };
		B2821C14199D9CB000E964C3 /* main.m */ = {isa = PBXFileReference; lastKnownFileType = sourcecode.c.objc; path = main.m; sourceTree = "<group>"; };
		B2821C16199D9CB000E964C3 /* RSS_Reader-Prefix.pch */ = {isa = PBXFileReference; lastKnownFileType = sourcecode.c.h; path = "RSS_Reader-Prefix.pch"; sourceTree = "<group>"; };
		B2821C17199D9CB000E964C3 /* PMAppDelegate.h */ = {isa = PBXFileReference; lastKnownFileType = sourcecode.c.h; path = PMAppDelegate.h; sourceTree = "<group>"; };
		B2821C18199D9CB000E964C3 /* PMAppDelegate.m */ = {isa = PBXFileReference; lastKnownFileType = sourcecode.c.objc; path = PMAppDelegate.m; sourceTree = "<group>"; };
		B2821C1B199D9CB000E964C3 /* RSS_Reader.xcdatamodel */ = {isa = PBXFileReference; lastKnownFileType = wrapper.xcdatamodel; path = RSS_Reader.xcdatamodel; sourceTree = "<group>"; };
		B2821C1D199D9CB000E964C3 /* Images.xcassets */ = {isa = PBXFileReference; lastKnownFileType = folder.assetcatalog; path = Images.xcassets; sourceTree = "<group>"; };
		B2821C23199D9CB000E964C3 /* RSS_ReaderTests.xctest */ = {isa = PBXFileReference; explicitFileType = wrapper.cfbundle; includeInIndex = 0; path = RSS_ReaderTests.xctest; sourceTree = BUILT_PRODUCTS_DIR; };
		B2821C24199D9CB000E964C3 /* XCTest.framework */ = {isa = PBXFileReference; lastKnownFileType = wrapper.framework; name = XCTest.framework; path = Library/Frameworks/XCTest.framework; sourceTree = DEVELOPER_DIR; };
		B2821C2D199D9CB000E964C3 /* RSS_ReaderTests-Info.plist */ = {isa = PBXFileReference; lastKnownFileType = text.plist.xml; path = "RSS_ReaderTests-Info.plist"; sourceTree = "<group>"; };
		B2821C2F199D9CB000E964C3 /* en */ = {isa = PBXFileReference; lastKnownFileType = text.plist.strings; name = en; path = en.lproj/InfoPlist.strings; sourceTree = "<group>"; };
		B2821C31199D9CB000E964C3 /* RSS_ReaderTests.m */ = {isa = PBXFileReference; lastKnownFileType = sourcecode.c.objc; path = RSS_ReaderTests.m; sourceTree = "<group>"; };
/* End PBXFileReference section */

/* Begin PBXFrameworksBuildPhase section */
		B2821C00199D9CB000E964C3 /* Frameworks */ = {
			isa = PBXFrameworksBuildPhase;
			buildActionMask = 2147483647;
			files = (
				B2821C09199D9CB000E964C3 /* CoreGraphics.framework in Frameworks */,
				B2821C0D199D9CB000E964C3 /* CoreData.framework in Frameworks */,
				B2821C0B199D9CB000E964C3 /* UIKit.framework in Frameworks */,
				B2821C07199D9CB000E964C3 /* Foundation.framework in Frameworks */,
			);
			runOnlyForDeploymentPostprocessing = 0;
		};
		B2821C20199D9CB000E964C3 /* Frameworks */ = {
			isa = PBXFrameworksBuildPhase;
			buildActionMask = 2147483647;
			files = (
				B2821C25199D9CB000E964C3 /* XCTest.framework in Frameworks */,
				B2821C28199D9CB000E964C3 /* CoreData.framework in Frameworks */,
				B2821C27199D9CB000E964C3 /* UIKit.framework in Frameworks */,
				B2821C26199D9CB000E964C3 /* Foundation.framework in Frameworks */,
			);
			runOnlyForDeploymentPostprocessing = 0;
		};
/* End PBXFrameworksBuildPhase section */

/* Begin PBXGroup section */
		B2821BFA199D9CB000E964C3 = {
			isa = PBXGroup;
			children = (
				B2821C0E199D9CB000E964C3 /* RSS_Reader */,
				B2821C2B199D9CB000E964C3 /* RSS_ReaderTests */,
				B2821C05199D9CB000E964C3 /* Frameworks */,
				B2821C04199D9CB000E964C3 /* Products */,
			);
			sourceTree = "<group>";
		};
		B2821C04199D9CB000E964C3 /* Products */ = {
			isa = PBXGroup;
			children = (
				B2821C03199D9CB000E964C3 /* RSS_Reader.app */,
				B2821C23199D9CB000E964C3 /* RSS_ReaderTests.xctest */,
			);
			name = Products;
			sourceTree = "<group>";
		};
		B2821C05199D9CB000E964C3 /* Frameworks */ = {
			isa = PBXGroup;
			children = (
				B2821C06199D9CB000E964C3 /* Foundation.framework */,
				B2821C08199D9CB000E964C3 /* CoreGraphics.framework */,
				B2821C0A199D9CB000E964C3 /* UIKit.framework */,
				B2821C0C199D9CB000E964C3 /* CoreData.framework */,
				B2821C24199D9CB000E964C3 /* XCTest.framework */,
			);
			name = Frameworks;
			sourceTree = "<group>";
		};
		B2821C0E199D9CB000E964C3 /* RSS_Reader */ = {
			isa = PBXGroup;
			children = (
				B2821C17199D9CB000E964C3 /* PMAppDelegate.h */,
				B2821C18199D9CB000E964C3 /* PMAppDelegate.m */,
				B2821C1D199D9CB000E964C3 /* Images.xcassets */,
				B2821C1A199D9CB000E964C3 /* RSS_Reader.xcdatamodeld */,
				B2821C0F199D9CB000E964C3 /* Supporting Files */,
			);
			path = RSS_Reader;
			sourceTree = "<group>";
		};
		B2821C0F199D9CB000E964C3 /* Supporting Files */ = {
			isa = PBXGroup;
			children = (
				B2821C10199D9CB000E964C3 /* RSS_Reader-Info.plist */,
				B2821C11199D9CB000E964C3 /* InfoPlist.strings */,
				B2821C14199D9CB000E964C3 /* main.m */,
				B2821C16199D9CB000E964C3 /* RSS_Reader-Prefix.pch */,
			);
			name = "Supporting Files";
			sourceTree = "<group>";
		};
		B2821C2B199D9CB000E964C3 /* RSS_ReaderTests */ = {
			isa = PBXGroup;
			children = (
				B2821C31199D9CB000E964C3 /* RSS_ReaderTests.m */,
				B2821C2C199D9CB000E964C3 /* Supporting Files */,
			);
			path = RSS_ReaderTests;
			sourceTree = "<group>";
		};
		B2821C2C199D9CB000E964C3 /* Supporting Files */ = {
			isa = PBXGroup;
			children = (
				B2821C2D199D9CB000E964C3 /* RSS_ReaderTests-Info.plist */,
				B2821C2E199D9CB000E964C3 /* InfoPlist.strings */,
			);
			name = "Supporting Files";
			sourceTree = "<group>";
		};
/* End PBXGroup section */

/* Begin PBXNativeTarget section */
		B2821C02199D9CB000E964C3 /* RSS_Reader */ = {
			isa = PBXNativeTarget;
			buildConfigurationList = B2821C35199D9CB000E964C3 /* Build configuration list for PBXNativeTarget "RSS_Reader" */;
			buildPhases = (
				B2821BFF199D9CB000E964C3 /* Sources */,
				B2821C00199D9CB000E964C3 /* Frameworks */,
				B2821C01199D9CB000E964C3 /* Resources */,
			);
			buildRules = (
			);
			dependencies = (
			);
			name = RSS_Reader;
			productName = RSS_Reader;
			productReference = B2821C03199D9CB000E964C3 /* RSS_Reader.app */;
			productType = "com.apple.product-type.application";
		};
		B2821C22199D9CB000E964C3 /* RSS_ReaderTests */ = {
			isa = PBXNativeTarget;
			buildConfigurationList = B2821C38199D9CB000E964C3 /* Build configuration list for PBXNativeTarget "RSS_ReaderTests" */;
			buildPhases = (
				B2821C1F199D9CB000E964C3 /* Sources */,
				B2821C20199D9CB000E964C3 /* Frameworks */,
				B2821C21199D9CB000E964C3 /* Resources */,
			);
			buildRules = (
			);
			dependencies = (
				B2821C2A199D9CB000E964C3 /* PBXTargetDependency */,
			);
			name = RSS_ReaderTests;
			productName = RSS_ReaderTests;
			productReference = B2821C23199D9CB000E964C3 /* RSS_ReaderTests.xctest */;
			productType = "com.apple.product-type.bundle.unit-test";
		};
/* End PBXNativeTarget section */

/* Begin PBXProject section */
		B2821BFB199D9CB000E964C3 /* Project object */ = {
			isa = PBXProject;
			attributes = {
				CLASSPREFIX = PM;
				LastUpgradeCheck = 0510;
				TargetAttributes = {
					B2821C22199D9CB000E964C3 = {
						TestTargetID = B2821C02199D9CB000E964C3;
					};
				};
			};
			buildConfigurationList = B2821BFE199D9CB000E964C3 /* Build configuration list for PBXProject "RSS_Reader" */;
			compatibilityVersion = "Xcode 3.2";
			developmentRegion = English;
			hasScannedForEncodings = 0;
			knownRegions = (
				en,
			);
			mainGroup = B2821BFA199D9CB000E964C3;
			productRefGroup = B2821C04199D9CB000E964C3 /* Products */;
			projectDirPath = "";
			projectRoot = "";
			targets = (
				B2821C02199D9CB000E964C3 /* RSS_Reader */,
				B2821C22199D9CB000E964C3 /* RSS_ReaderTests */,
			);
		};
/* End PBXProject section */

/* Begin PBXResourcesBuildPhase section */
		B2821C01199D9CB000E964C3 /* Resources */ = {
			isa = PBXResourcesBuildPhase;
			buildActionMask = 2147483647;
			files = (
				B2821C13199D9CB000E964C3 /* InfoPlist.strings in Resources */,
				B2821C1E199D9CB000E964C3 /* Images.xcassets in Resources */,
			);
			runOnlyForDeploymentPostprocessing = 0;
		};
		B2821C21199D9CB000E964C3 /* Resources */ = {
			isa = PBXResourcesBuildPhase;
			buildActionMask = 2147483647;
			files = (
				B2821C30199D9CB000E964C3 /* InfoPlist.strings in Resources */,
			);
			runOnlyForDeploymentPostprocessing = 0;
		};
/* End PBXResourcesBuildPhase section */

/* Begin PBXSourcesBuildPhase section */
		B2821BFF199D9CB000E964C3 /* Sources */ = {
			isa = PBXSourcesBuildPhase;
			buildActionMask = 2147483647;
			files = (
				B2821C15199D9CB000E964C3 /* main.m in Sources */,
				B2821C1C199D9CB000E964C3 /* RSS_Reader.xcdatamodeld in Sources */,
				B2821C19199D9CB000E964C3 /* PMAppDelegate.m in Sources */,
			);
			runOnlyForDeploymentPostprocessing = 0;
		};
		B2821C1F199D9CB000E964C3 /* Sources */ = {
			isa = PBXSourcesBuildPhase;
			buildActionMask = 2147483647;
			files = (
				B2821C32199D9CB000E964C3 /* RSS_ReaderTests.m in Sources */,
			);
			runOnlyForDeploymentPostprocessing = 0;
		};
/* End PBXSourcesBuildPhase section */

/* Begin PBXTargetDependency section */
		B2821C2A199D9CB000E964C3 /* PBXTargetDependency */ = {
			isa = PBXTargetDependency;
			target = B2821C02199D9CB000E964C3 /* RSS_Reader */;
			targetProxy = B2821C29199D9CB000E964C3 /* PBXContainerItemProxy */;
		};
/* End PBXTargetDependency section */

/* Begin PBXVariantGroup section */
		B2821C11199D9CB000E964C3 /* InfoPlist.strings */ = {
			isa = PBXVariantGroup;
			children = (
				B2821C12199D9CB000E964C3 /* en */,
			);
			name = InfoPlist.strings;
			sourceTree = "<group>";
		};
		B2821C2E199D9CB000E964C3 /* InfoPlist.strings */ = {
			isa = PBXVariantGroup;
			children = (
				B2821C2F199D9CB000E964C3 /* en */,
			);
			name = InfoPlist.strings;
			sourceTree = "<group>";
		};
/* End PBXVariantGroup section */

/* Begin XCBuildConfiguration section */
		B2821C33199D9CB000E964C3 /* Debug */ = {
			isa = XCBuildConfiguration;
			buildSettings = {
				ALWAYS_SEARCH_USER_PATHS = NO;
				CLANG_CXX_LANGUAGE_STANDARD = "gnu++0x";
				CLANG_CXX_LIBRARY = "libc++";
				CLANG_ENABLE_MODULES = YES;
				CLANG_ENABLE_OBJC_ARC = YES;
				CLANG_WARN_BOOL_CONVERSION = YES;
				CLANG_WARN_CONSTANT_CONVERSION = YES;
				CLANG_WARN_DIRECT_OBJC_ISA_USAGE = YES_ERROR;
				CLANG_WARN_EMPTY_BODY = YES;
				CLANG_WARN_ENUM_CONVERSION = YES;
				CLANG_WARN_INT_CONVERSION = YES;
				CLANG_WARN_OBJC_ROOT_CLASS = YES_ERROR;
				CLANG_WARN__DUPLICATE_METHOD_MATCH = YES;
				"CODE_SIGN_IDENTITY[sdk=iphoneos*]" = "iPhone Developer";
				COPY_PHASE_STRIP = NO;
				GCC_C_LANGUAGE_STANDARD = gnu99;
				GCC_DYNAMIC_NO_PIC = NO;
				GCC_OPTIMIZATION_LEVEL = 0;
				GCC_PREPROCESSOR_DEFINITIONS = (
					"DEBUG=1",
					"$(inherited)",
				);
				GCC_SYMBOLS_PRIVATE_EXTERN = NO;
				GCC_WARN_64_TO_32_BIT_CONVERSION = YES;
				GCC_WARN_ABOUT_RETURN_TYPE = YES_ERROR;
				GCC_WARN_UNDECLARED_SELECTOR = YES;
				GCC_WARN_UNINITIALIZED_AUTOS = YES_AGGRESSIVE;
				GCC_WARN_UNUSED_FUNCTION = YES;
				GCC_WARN_UNUSED_VARIABLE = YES;
				IPHONEOS_DEPLOYMENT_TARGET = 7.1;
				ONLY_ACTIVE_ARCH = YES;
				SDKROOT = iphoneos;
				TARGETED_DEVICE_FAMILY = "1,2";
			};
			name = Debug;
		};
		B2821C34199D9CB000E964C3 /* Release */ = {
			isa = XCBuildConfiguration;
			buildSettings = {
				ALWAYS_SEARCH_USER_PATHS = NO;
				CLANG_CXX_LANGUAGE_STANDARD = "gnu++0x";
				CLANG_CXX_LIBRARY = "libc++";
				CLANG_ENABLE_MODULES = YES;
				CLANG_ENABLE_OBJC_ARC = YES;
				CLANG_WARN_BOOL_CONVERSION = YES;
				CLANG_WARN_CONSTANT_CONVERSION = YES;
				CLANG_WARN_DIRECT_OBJC_ISA_USAGE = YES_ERROR;
				CLANG_WARN_EMPTY_BODY = YES;
				CLANG_WARN_ENUM_CONVERSION = YES;
				CLANG_WARN_INT_CONVERSION = YES;
				CLANG_WARN_OBJC_ROOT_CLASS = YES_ERROR;
				CLANG_WARN__DUPLICATE_METHOD_MATCH = YES;
				"CODE_SIGN_IDENTITY[sdk=iphoneos*]" = "iPhone Developer";
				COPY_PHASE_STRIP = YES;
				ENABLE_NS_ASSERTIONS = NO;
				GCC_C_LANGUAGE_STANDARD = gnu99;
				GCC_WARN_64_TO_32_BIT_CONVERSION = YES;
				GCC_WARN_ABOUT_RETURN_TYPE = YES_ERROR;
				GCC_WARN_UNDECLARED_SELECTOR = YES;
				GCC_WARN_UNINITIALIZED_AUTOS = YES_AGGRESSIVE;
				GCC_WARN_UNUSED_FUNCTION = YES;
				GCC_WARN_UNUSED_VARIABLE = YES;
				IPHONEOS_DEPLOYMENT_TARGET = 7.1;
				SDKROOT = iphoneos;
				TARGETED_DEVICE_FAMILY = "1,2";
				VALIDATE_PRODUCT = YES;
			};
			name = Release;
		};
		B2821C36199D9CB000E964C3 /* Debug */ = {
			isa = XCBuildConfiguration;
			buildSettings = {
				ASSETCATALOG_COMPILER_APPICON_NAME = AppIcon;
				ASSETCATALOG_COMPILER_LAUNCHIMAGE_NAME = LaunchImage;
				GCC_PRECOMPILE_PREFIX_HEADER = YES;
				GCC_PREFIX_HEADER = "RSS_Reader/RSS_Reader-Prefix.pch";
				INFOPLIST_FILE = "RSS_Reader/RSS_Reader-Info.plist";
				PRODUCT_NAME = "$(TARGET_NAME)";
				WRAPPER_EXTENSION = app;
			};
			name = Debug;
		};
		B2821C37199D9CB000E964C3 /* Release */ = {
			isa = XCBuildConfiguration;
			buildSettings = {
				ASSETCATALOG_COMPILER_APPICON_NAME = AppIcon;
				ASSETCATALOG_COMPILER_LAUNCHIMAGE_NAME = LaunchImage;
				GCC_PRECOMPILE_PREFIX_HEADER = YES;
				GCC_PREFIX_HEADER = "RSS_Reader/RSS_Reader-Prefix.pch";
				INFOPLIST_FILE = "RSS_Reader/RSS_Reader-Info.plist";
				PRODUCT_NAME = "$(TARGET_NAME)";
				WRAPPER_EXTENSION = app;
			};
			name = Release;
		};
		B2821C39199D9CB000E964C3 /* Debug */ = {
			isa = XCBuildConfiguration;
			buildSettings = {
				BUNDLE_LOADER = "$(BUILT_PRODUCTS_DIR)/RSS_Reader.app/RSS_Reader";
				FRAMEWORK_SEARCH_PATHS = (
					"$(SDKROOT)/Developer/Library/Frameworks",
					"$(inherited)",
					"$(DEVELOPER_FRAMEWORKS_DIR)",
				);
				GCC_PRECOMPILE_PREFIX_HEADER = YES;
				GCC_PREFIX_HEADER = "RSS_Reader/RSS_Reader-Prefix.pch";
				GCC_PREPROCESSOR_DEFINITIONS = (
					"DEBUG=1",
					"$(inherited)",
				);
				INFOPLIST_FILE = "RSS_ReaderTests/RSS_ReaderTests-Info.plist";
				PRODUCT_NAME = "$(TARGET_NAME)";
				TEST_HOST = "$(BUNDLE_LOADER)";
				WRAPPER_EXTENSION = xctest;
			};
			name = Debug;
		};
		B2821C3A199D9CB000E964C3 /* Release */ = {
			isa = XCBuildConfiguration;
			buildSettings = {
				BUNDLE_LOADER = "$(BUILT_PRODUCTS_DIR)/RSS_Reader.app/RSS_Reader";
				FRAMEWORK_SEARCH_PATHS = (
					"$(SDKROOT)/Developer/Library/Frameworks",
					"$(inherited)",
					"$(DEVELOPER_FRAMEWORKS_DIR)",
				);
				GCC_PRECOMPILE_PREFIX_HEADER = YES;
				GCC_PREFIX_HEADER = "RSS_Reader/RSS_Reader-Prefix.pch";
				INFOPLIST_FILE = "RSS_ReaderTests/RSS_ReaderTests-Info.plist";
				PRODUCT_NAME = "$(TARGET_NAME)";
				TEST_HOST = "$(BUNDLE_LOADER)";
				WRAPPER_EXTENSION = xctest;
			};
			name = Release;
		};
/* End XCBuildConfiguration section */

/* Begin XCConfigurationList section */
		B2821BFE199D9CB000E964C3 /* Build configuration list for PBXProject "RSS_Reader" */ = {
			isa = XCConfigurationList;
			buildConfigurations = (
				B2821C33199D9CB000E964C3 /* Debug */,
				B2821C34199D9CB000E964C3 /* Release */,
			);
			defaultConfigurationIsVisible = 0;
			defaultConfigurationName = Release;
		};
		B2821C35199D9CB000E964C3 /* Build configuration list for PBXNativeTarget "RSS_Reader" */ = {
			isa = XCConfigurationList;
			buildConfigurations = (
				B2821C36199D9CB000E964C3 /* Debug */,
				B2821C37199D9CB000E964C3 /* Release */,
			);
			defaultConfigurationIsVisible = 0;
		};
		B2821C38199D9CB000E964C3 /* Build configuration list for PBXNativeTarget "RSS_ReaderTests" */ = {
			isa = XCConfigurationList;
			buildConfigurations = (
				B2821C39199D9CB000E964C3 /* Debug */,
				B2821C3A199D9CB000E964C3 /* Release */,
			);
			defaultConfigurationIsVisible = 0;
		};
/* End XCConfigurationList section */

/* Begin XCVersionGroup section */
		B2821C1A199D9CB000E964C3 /* RSS_Reader.xcdatamodeld */ = {
			isa = XCVersionGroup;
			children = (
				B2821C1B199D9CB000E964C3 /* RSS_Reader.xcdatamodel */,
			);
			currentVersion = B2821C1B199D9CB000E964C3 /* RSS_Reader.xcdatamodel */;
			path = RSS_Reader.xcdatamodeld;
			sourceTree = "<group>";
			versionGroupType = wrapper.xcdatamodel;
		};
/* End XCVersionGroup section */
	};
	rootObject = B2821BFB199D9CB000E964C3 /* Project object */;
}
